
Microsoft Visual Studio Solution File, Format Version 12.00
# Visual Studio Version 16
VisualStudioVersion = 16.0.31727.386
MinimumVisualStudioVersion = 10.0.40219.1
Project("{2150E333-8FDC-42A3-9474-1A3956D46DE8}") = "src", "src", "{8ADEB7C3-BDC9-4FF7-84F3-1484B86974F7}"
EndProject
Project("{2150E333-8FDC-42A3-9474-1A3956D46DE8}") = "Web", "Web", "{6F0636B0-441B-4C7A-93C7-0D8772E84B3B}"
EndProject
Project("{2150E333-8FDC-42A3-9474-1A3956D46DE8}") = "API", "API", "{65D1E2FE-2761-4B55-9912-BECACBB60C2A}"
EndProject
Project("{2150E333-8FDC-42A3-9474-1A3956D46DE8}") = "Client", "Client", "{25AFA3AE-F496-476A-AD07-703ED8231A51}"
EndProject
Project("{2150E333-8FDC-42A3-9474-1A3956D46DE8}") = "Shared", "Shared", "{34D432ED-D136-4A62-A2D2-3BDB3102246C}"
EndProject
Project("{9A19103F-16F7-4668-BE54-9A1E7A4F7556}") = "CMS.Domain", "src\Web\Shared\CMS.Domain\CMS.Domain.csproj", "{99FA3176-5BE8-4EF1-B91E-06952AD02414}"
EndProject
Project("{9A19103F-16F7-4668-BE54-9A1E7A4F7556}") = "CMS.Infrastructure", "src\Web\Shared\CMS.Infrastructure\CMS.Infrastructure.csproj", "{D863C685-48C5-468F-8AD5-7B02D097FD0F}"
EndProject
Project("{9A19103F-16F7-4668-BE54-9A1E7A4F7556}") = "CMS.Application", "src\Web\Shared\CMS.Application\CMS.Application.csproj", "{B173204A-3BA9-4115-A689-E0B9785628E3}"
EndProject
Project("{9A19103F-16F7-4668-BE54-9A1E7A4F7556}") = "CMS.Presentation", "CMS.Presentation\CMS.Presentation.csproj", "{689CE4E0-253A-48C0-91AD-024D3158BCD2}"
EndProject
Project("{9A19103F-16F7-4668-BE54-9A1E7A4F7556}") = "CMS.API", "CMS.API\CMS.API.csproj", "{06894D56-3876-4794-A998-77A6CBF167C6}"
EndProject
Project("{FAE04EC0-301F-11D3-BF4B-00C04F79EFBC}") = "Client_Shop", "src\Client\Client_Shop\Client_Shop.csproj", "{A53D0AE6-1EBC-410B-9421-C3EBC00D3A3C}"
EndProject
Global
	GlobalSection(SolutionConfigurationPlatforms) = preSolution
		Debug|Any CPU = Debug|Any CPU
		Release|Any CPU = Release|Any CPU
	EndGlobalSection
	GlobalSection(ProjectConfigurationPlatforms) = postSolution
		{99FA3176-5BE8-4EF1-B91E-06952AD02414}.Debug|Any CPU.ActiveCfg = Debug|Any CPU
		{99FA3176-5BE8-4EF1-B91E-06952AD02414}.Debug|Any CPU.Build.0 = Debug|Any CPU
		{99FA3176-5BE8-4EF1-B91E-06952AD02414}.Release|Any CPU.ActiveCfg = Release|Any CPU
		{99FA3176-5BE8-4EF1-B91E-06952AD02414}.Release|Any CPU.Build.0 = Release|Any CPU
		{D863C685-48C5-468F-8AD5-7B02D097FD0F}.Debug|Any CPU.ActiveCfg = Debug|Any CPU
		{D863C685-48C5-468F-8AD5-7B02D097FD0F}.Debug|Any CPU.Build.0 = Debug|Any CPU
		{D863C685-48C5-468F-8AD5-7B02D097FD0F}.Release|Any CPU.ActiveCfg = Release|Any CPU
		{D863C685-48C5-468F-8AD5-7B02D097FD0F}.Release|Any CPU.Build.0 = Release|Any CPU
		{B173204A-3BA9-4115-A689-E0B9785628E3}.Debug|Any CPU.ActiveCfg = Debug|Any CPU
		{B173204A-3BA9-4115-A689-E0B9785628E3}.Debug|Any CPU.Build.0 = Debug|Any CPU
		{B173204A-3BA9-4115-A689-E0B9785628E3}.Release|Any CPU.ActiveCfg = Release|Any CPU
		{B173204A-3BA9-4115-A689-E0B9785628E3}.Release|Any CPU.Build.0 = Release|Any CPU
		{689CE4E0-253A-48C0-91AD-024D3158BCD2}.Debug|Any CPU.ActiveCfg = Debug|Any CPU
		{689CE4E0-253A-48C0-91AD-024D3158BCD2}.Debug|Any CPU.Build.0 = Debug|Any CPU
		{689CE4E0-253A-48C0-91AD-024D3158BCD2}.Release|Any CPU.ActiveCfg = Release|Any CPU
		{689CE4E0-253A-48C0-91AD-024D3158BCD2}.Release|Any CPU.Build.0 = Release|Any CPU
		{06894D56-3876-4794-A998-77A6CBF167C6}.Debug|Any CPU.ActiveCfg = Debug|Any CPU
		{06894D56-3876-4794-A998-77A6CBF167C6}.Debug|Any CPU.Build.0 = Debug|Any CPU
		{06894D56-3876-4794-A998-77A6CBF167C6}.Release|Any CPU.ActiveCfg = Release|Any CPU
		{06894D56-3876-4794-A998-77A6CBF167C6}.Release|Any CPU.Build.0 = Release|Any CPU
		{A53D0AE6-1EBC-410B-9421-C3EBC00D3A3C}.Debug|Any CPU.ActiveCfg = Debug|Any CPU
		{A53D0AE6-1EBC-410B-9421-C3EBC00D3A3C}.Debug|Any CPU.Build.0 = Debug|Any CPU
		{A53D0AE6-1EBC-410B-9421-C3EBC00D3A3C}.Release|Any CPU.ActiveCfg = Release|Any CPU
		{A53D0AE6-1EBC-410B-9421-C3EBC00D3A3C}.Release|Any CPU.Build.0 = Release|Any CPU
	EndGlobalSection
	GlobalSection(SolutionProperties) = preSolution
		HideSolutionNode = FALSE
	EndGlobalSection
	GlobalSection(NestedProjects) = preSolution
		{6F0636B0-441B-4C7A-93C7-0D8772E84B3B} = {8ADEB7C3-BDC9-4FF7-84F3-1484B86974F7}
		{65D1E2FE-2761-4B55-9912-BECACBB60C2A} = {8ADEB7C3-BDC9-4FF7-84F3-1484B86974F7}
		{25AFA3AE-F496-476A-AD07-703ED8231A51} = {8ADEB7C3-BDC9-4FF7-84F3-1484B86974F7}
		{34D432ED-D136-4A62-A2D2-3BDB3102246C} = {6F0636B0-441B-4C7A-93C7-0D8772E84B3B}
		{99FA3176-5BE8-4EF1-B91E-06952AD02414} = {34D432ED-D136-4A62-A2D2-3BDB3102246C}
		{D863C685-48C5-468F-8AD5-7B02D097FD0F} = {34D432ED-D136-4A62-A2D2-3BDB3102246C}
		{B173204A-3BA9-4115-A689-E0B9785628E3} = {34D432ED-D136-4A62-A2D2-3BDB3102246C}
		{689CE4E0-253A-48C0-91AD-024D3158BCD2} = {6F0636B0-441B-4C7A-93C7-0D8772E84B3B}
		{06894D56-3876-4794-A998-77A6CBF167C6} = {65D1E2FE-2761-4B55-9912-BECACBB60C2A}
		{A53D0AE6-1EBC-410B-9421-C3EBC00D3A3C} = {25AFA3AE-F496-476A-AD07-703ED8231A51}
	EndGlobalSection
	GlobalSection(ExtensibilityGlobals) = postSolution
		SolutionGuid = {749297FC-3339-415D-800A-161A1D9BF83F}
	EndGlobalSection
EndGlobal
